
Microsoft Visual Studio Solution File, Format Version 12.00
# Visual Studio Version 17
VisualStudioVersion = 17.12.35309.182
MinimumVisualStudioVersion = 10.0.40219.1
Project("{FAE04EC0-301F-11D3-BF4B-00C04F79EFBC}") = "RadzenSample1", "RadzenSample1\RadzenSample1.csproj", "{8F796528-E51A-45F4-8932-9C6886DAA690}"
EndProject
Global
	GlobalSection(SolutionConfigurationPlatforms) = preSolution
		Debug|Any CPU = Debug|Any CPU
		Release|Any CPU = Release|Any CPU
	EndGlobalSection
	GlobalSection(ProjectConfigurationPlatforms) = postSolution
		{8F796528-E51A-45F4-8932-9C6886DAA690}.Debug|Any CPU.ActiveCfg = Debug|Any CPU
		{8F796528-E51A-45F4-8932-9C6886DAA690}.Debug|Any CPU.Build.0 = Debug|Any CPU
		{8F796528-E51A-45F4-8932-9C6886DAA690}.Release|Any CPU.ActiveCfg = Release|Any CPU
		{8F796528-E51A-45F4-8932-9C6886DAA690}.Release|Any CPU.Build.0 = Release|Any CPU
	EndGlobalSection
	GlobalSection(SolutionProperties) = preSolution
		HideSolutionNode = FALSE
	EndGlobalSection
	GlobalSection(ExtensibilityGlobals) = postSolution
		SolutionGuid = {7AFA3F62-843A-4874-AD9C-89DD9A568F4A}
	EndGlobalSection
EndGlobal
